// !$*UTF8*$!
{
	archiveVersion = 1;
	classes = {
	};
	objectVersion = 46;
	objects = {

/* Begin PBXBuildFile section */
		B00081361B295ACD007EC5DE /* HNPostsTableViewController.m in Sources */ = {isa = PBXBuildFile; fileRef = B00081351B295ACD007EC5DE /* HNPostsTableViewController.m */; };
		B00081391B2EA200007EC5DE /* HNPostCotentViewController.m in Sources */ = {isa = PBXBuildFile; fileRef = B00081381B2EA200007EC5DE /* HNPostCotentViewController.m */; };
		B07E7DF81B2013A8009F16CF /* main.m in Sources */ = {isa = PBXBuildFile; fileRef = B07E7DF71B2013A8009F16CF /* main.m */; };
		B07E7DFB1B2013A8009F16CF /* AppDelegate.m in Sources */ = {isa = PBXBuildFile; fileRef = B07E7DFA1B2013A8009F16CF /* AppDelegate.m */; };
		B07E7DFE1B2013A8009F16CF /* iHackerNews.xcdatamodeld in Sources */ = {isa = PBXBuildFile; fileRef = B07E7DFC1B2013A8009F16CF /* iHackerNews.xcdatamodeld */; };
		B07E7E011B2013A8009F16CF /* ViewController.m in Sources */ = {isa = PBXBuildFile; fileRef = B07E7E001B2013A8009F16CF /* ViewController.m */; };
		B07E7E041B2013A8009F16CF /* Main.storyboard in Resources */ = {isa = PBXBuildFile; fileRef = B07E7E021B2013A8009F16CF /* Main.storyboard */; };
		B07E7E061B2013A8009F16CF /* Images.xcassets in Resources */ = {isa = PBXBuildFile; fileRef = B07E7E051B2013A8009F16CF /* Images.xcassets */; };
		B07E7E091B2013A8009F16CF /* LaunchScreen.xib in Resources */ = {isa = PBXBuildFile; fileRef = B07E7E071B2013A8009F16CF /* LaunchScreen.xib */; };
		B07E7E151B2013A8009F16CF /* iHackerNewsTests.m in Sources */ = {isa = PBXBuildFile; fileRef = B07E7E141B2013A8009F16CF /* iHackerNewsTests.m */; };
		B0A3CEA01B22C96F0040CF0C /* LogInViewController.m in Sources */ = {isa = PBXBuildFile; fileRef = B0A3CE9F1B22C96F0040CF0C /* LogInViewController.m */; };
		B0A6A4F21B33FEAA00F1138D /* SWRevealViewController.m in Sources */ = {isa = PBXBuildFile; fileRef = B0A6A4F11B33FEAA00F1138D /* SWRevealViewController.m */; };
		B0A6A4F51B3405EC00F1138D /* SidebarTableViewController.m in Sources */ = {isa = PBXBuildFile; fileRef = B0A6A4F41B3405EC00F1138D /* SidebarTableViewController.m */; };
		B0D327FB1B22EF2900E23B97 /* SignUpFormViewController.m in Sources */ = {isa = PBXBuildFile; fileRef = B0D327FA1B22EF2900E23B97 /* SignUpFormViewController.m */; };
		B0D327FE1B22FC5600E23B97 /* SignInFormViewController.m in Sources */ = {isa = PBXBuildFile; fileRef = B0D327FD1B22FC5600E23B97 /* SignInFormViewController.m */; };
		B0E071F81B2428C000A9EAB4 /* Utils.m in Sources */ = {isa = PBXBuildFile; fileRef = B0E071F71B2428C000A9EAB4 /* Utils.m */; };
		B0E071FB1B242E7000A9EAB4 /* constants.m in Sources */ = {isa = PBXBuildFile; fileRef = B0E071FA1B242E7000A9EAB4 /* constants.m */; };
		FEC683688676EF0216142549 /* libPods-iHackerNews.a in Frameworks */ = {isa = PBXBuildFile; fileRef = 0FC4B1CE8BACAE40F14BD478 /* libPods-iHackerNews.a */; };
/* End PBXBuildFile section */

/* Begin PBXContainerItemProxy section */
		B07E7E0F1B2013A8009F16CF /* PBXContainerItemProxy */ = {
			isa = PBXContainerItemProxy;
			containerPortal = B07E7DEA1B2013A8009F16CF /* Project object */;
			proxyType = 1;
			remoteGlobalIDString = B07E7DF11B2013A8009F16CF;
			remoteInfo = iHackerNews;
		};
/* End PBXContainerItemProxy section */

/* Begin PBXFileReference section */
		0FC4B1CE8BACAE40F14BD478 /* libPods-iHackerNews.a */ = {isa = PBXFileReference; explicitFileType = archive.ar; includeInIndex = 0; path = "libPods-iHackerNews.a"; sourceTree = BUILT_PRODUCTS_DIR; };
		16400E77210792B2F266A7F9 /* Pods-iHackerNews.release.xcconfig */ = {isa = PBXFileReference; includeInIndex = 1; lastKnownFileType = text.xcconfig; name = "Pods-iHackerNews.release.xcconfig"; path = "Pods/Target Support Files/Pods-iHackerNews/Pods-iHackerNews.release.xcconfig"; sourceTree = "<group>"; };
		B00081341B295ACD007EC5DE /* HNPostsTableViewController.h */ = {isa = PBXFileReference; fileEncoding = 4; lastKnownFileType = sourcecode.c.h; path = HNPostsTableViewController.h; sourceTree = "<group>"; };
		B00081351B295ACD007EC5DE /* HNPostsTableViewController.m */ = {isa = PBXFileReference; fileEncoding = 4; lastKnownFileType = sourcecode.c.objc; path = HNPostsTableViewController.m; sourceTree = "<group>"; };
		B00081371B2EA200007EC5DE /* HNPostCotentViewController.h */ = {isa = PBXFileReference; fileEncoding = 4; lastKnownFileType = sourcecode.c.h; path = HNPostCotentViewController.h; sourceTree = "<group>"; };
		B00081381B2EA200007EC5DE /* HNPostCotentViewController.m */ = {isa = PBXFileReference; fileEncoding = 4; lastKnownFileType = sourcecode.c.objc; path = HNPostCotentViewController.m; sourceTree = "<group>"; };
		B07E7DF21B2013A8009F16CF /* iHackerNews.app */ = {isa = PBXFileReference; explicitFileType = wrapper.application; includeInIndex = 0; path = iHackerNews.app; sourceTree = BUILT_PRODUCTS_DIR; };
		B07E7DF61B2013A8009F16CF /* Info.plist */ = {isa = PBXFileReference; lastKnownFileType = text.plist.xml; path = Info.plist; sourceTree = "<group>"; };
		B07E7DF71B2013A8009F16CF /* main.m */ = {isa = PBXFileReference; lastKnownFileType = sourcecode.c.objc; path = main.m; sourceTree = "<group>"; };
		B07E7DF91B2013A8009F16CF /* AppDelegate.h */ = {isa = PBXFileReference; lastKnownFileType = sourcecode.c.h; path = AppDelegate.h; sourceTree = "<group>"; };
		B07E7DFA1B2013A8009F16CF /* AppDelegate.m */ = {isa = PBXFileReference; lastKnownFileType = sourcecode.c.objc; path = AppDelegate.m; sourceTree = "<group>"; };
		B07E7DFD1B2013A8009F16CF /* iHackerNews.xcdatamodel */ = {isa = PBXFileReference; lastKnownFileType = wrapper.xcdatamodel; path = iHackerNews.xcdatamodel; sourceTree = "<group>"; };
		B07E7DFF1B2013A8009F16CF /* ViewController.h */ = {isa = PBXFileReference; lastKnownFileType = sourcecode.c.h; path = ViewController.h; sourceTree = "<group>"; };
		B07E7E001B2013A8009F16CF /* ViewController.m */ = {isa = PBXFileReference; lastKnownFileType = sourcecode.c.objc; path = ViewController.m; sourceTree = "<group>"; };
		B07E7E031B2013A8009F16CF /* Base */ = {isa = PBXFileReference; lastKnownFileType = file.storyboard; name = Base; path = Base.lproj/Main.storyboard; sourceTree = "<group>"; };
		B07E7E051B2013A8009F16CF /* Images.xcassets */ = {isa = PBXFileReference; lastKnownFileType = folder.assetcatalog; path = Images.xcassets; sourceTree = "<group>"; };
		B07E7E081B2013A8009F16CF /* Base */ = {isa = PBXFileReference; lastKnownFileType = file.xib; name = Base; path = Base.lproj/LaunchScreen.xib; sourceTree = "<group>"; };
		B07E7E0E1B2013A8009F16CF /* iHackerNewsTests.xctest */ = {isa = PBXFileReference; explicitFileType = wrapper.cfbundle; includeInIndex = 0; path = iHackerNewsTests.xctest; sourceTree = BUILT_PRODUCTS_DIR; };
		B07E7E131B2013A8009F16CF /* Info.plist */ = {isa = PBXFileReference; lastKnownFileType = text.plist.xml; path = Info.plist; sourceTree = "<group>"; };
		B07E7E141B2013A8009F16CF /* iHackerNewsTests.m */ = {isa = PBXFileReference; lastKnownFileType = sourcecode.c.objc; path = iHackerNewsTests.m; sourceTree = "<group>"; };
		B0A3CE9E1B22C96F0040CF0C /* LogInViewController.h */ = {isa = PBXFileReference; fileEncoding = 4; lastKnownFileType = sourcecode.c.h; path = LogInViewController.h; sourceTree = "<group>"; };
		B0A3CE9F1B22C96F0040CF0C /* LogInViewController.m */ = {isa = PBXFileReference; fileEncoding = 4; lastKnownFileType = sourcecode.c.objc; path = LogInViewController.m; sourceTree = "<group>"; };
		B0A6A4F01B33FEAA00F1138D /* SWRevealViewController.h */ = {isa = PBXFileReference; fileEncoding = 4; lastKnownFileType = sourcecode.c.h; path = SWRevealViewController.h; sourceTree = "<group>"; };
		B0A6A4F11B33FEAA00F1138D /* SWRevealViewController.m */ = {isa = PBXFileReference; fileEncoding = 4; lastKnownFileType = sourcecode.c.objc; path = SWRevealViewController.m; sourceTree = "<group>"; };
		B0A6A4F31B3405EC00F1138D /* SidebarTableViewController.h */ = {isa = PBXFileReference; fileEncoding = 4; lastKnownFileType = sourcecode.c.h; path = SidebarTableViewController.h; sourceTree = "<group>"; };
		B0A6A4F41B3405EC00F1138D /* SidebarTableViewController.m */ = {isa = PBXFileReference; fileEncoding = 4; lastKnownFileType = sourcecode.c.objc; path = SidebarTableViewController.m; sourceTree = "<group>"; };
		B0D327F91B22EF2900E23B97 /* SignUpFormViewController.h */ = {isa = PBXFileReference; fileEncoding = 4; lastKnownFileType = sourcecode.c.h; path = SignUpFormViewController.h; sourceTree = "<group>"; };
		B0D327FA1B22EF2900E23B97 /* SignUpFormViewController.m */ = {isa = PBXFileReference; fileEncoding = 4; lastKnownFileType = sourcecode.c.objc; path = SignUpFormViewController.m; sourceTree = "<group>"; };
		B0D327FC1B22FC5600E23B97 /* SignInFormViewController.h */ = {isa = PBXFileReference; fileEncoding = 4; lastKnownFileType = sourcecode.c.h; path = SignInFormViewController.h; sourceTree = "<group>"; };
		B0D327FD1B22FC5600E23B97 /* SignInFormViewController.m */ = {isa = PBXFileReference; fileEncoding = 4; lastKnownFileType = sourcecode.c.objc; path = SignInFormViewController.m; sourceTree = "<group>"; };
		B0E071F61B2428C000A9EAB4 /* Utils.h */ = {isa = PBXFileReference; fileEncoding = 4; lastKnownFileType = sourcecode.c.h; path = Utils.h; sourceTree = "<group>"; };
		B0E071F71B2428C000A9EAB4 /* Utils.m */ = {isa = PBXFileReference; fileEncoding = 4; lastKnownFileType = sourcecode.c.objc; path = Utils.m; sourceTree = "<group>"; };
		B0E071F91B242E7000A9EAB4 /* constants.h */ = {isa = PBXFileReference; fileEncoding = 4; lastKnownFileType = sourcecode.c.h; path = constants.h; sourceTree = "<group>"; };
		B0E071FA1B242E7000A9EAB4 /* constants.m */ = {isa = PBXFileReference; fileEncoding = 4; lastKnownFileType = sourcecode.c.objc; path = constants.m; sourceTree = "<group>"; };
		F45E4BB9C19FDAE64E1BA3B9 /* Pods-iHackerNews.debug.xcconfig */ = {isa = PBXFileReference; includeInIndex = 1; lastKnownFileType = text.xcconfig; name = "Pods-iHackerNews.debug.xcconfig"; path = "Pods/Target Support Files/Pods-iHackerNews/Pods-iHackerNews.debug.xcconfig"; sourceTree = "<group>"; };
/* End PBXFileReference section */

/* Begin PBXFrameworksBuildPhase section */
		B07E7DEF1B2013A8009F16CF /* Frameworks */ = {
			isa = PBXFrameworksBuildPhase;
			buildActionMask = 2147483647;
			files = (
				FEC683688676EF0216142549 /* libPods-iHackerNews.a in Frameworks */,
			);
			runOnlyForDeploymentPostprocessing = 0;
		};
		B07E7E0B1B2013A8009F16CF /* Frameworks */ = {
			isa = PBXFrameworksBuildPhase;
			buildActionMask = 2147483647;
			files = (
			);
			runOnlyForDeploymentPostprocessing = 0;
		};
/* End PBXFrameworksBuildPhase section */

/* Begin PBXGroup section */
		14E077B6E6DF634DBF0A6690 /* Frameworks */ = {
			isa = PBXGroup;
			children = (
				0FC4B1CE8BACAE40F14BD478 /* libPods-iHackerNews.a */,
			);
			name = Frameworks;
			sourceTree = "<group>";
		};
		A474C1E9A124075E6D6F6B15 /* Pods */ = {
			isa = PBXGroup;
			children = (
				F45E4BB9C19FDAE64E1BA3B9 /* Pods-iHackerNews.debug.xcconfig */,
				16400E77210792B2F266A7F9 /* Pods-iHackerNews.release.xcconfig */,
			);
			name = Pods;
			sourceTree = "<group>";
		};
		B07E7DE91B2013A8009F16CF = {
			isa = PBXGroup;
			children = (
				B07E7DF41B2013A8009F16CF /* iHackerNews */,
				B07E7E111B2013A8009F16CF /* iHackerNewsTests */,
				B07E7DF31B2013A8009F16CF /* Products */,
				A474C1E9A124075E6D6F6B15 /* Pods */,
				14E077B6E6DF634DBF0A6690 /* Frameworks */,
			);
			sourceTree = "<group>";
		};
		B07E7DF31B2013A8009F16CF /* Products */ = {
			isa = PBXGroup;
			children = (
				B07E7DF21B2013A8009F16CF /* iHackerNews.app */,
				B07E7E0E1B2013A8009F16CF /* iHackerNewsTests.xctest */,
			);
			name = Products;
			sourceTree = "<group>";
		};
		B07E7DF41B2013A8009F16CF /* iHackerNews */ = {
			isa = PBXGroup;
			children = (
				B07E7DF91B2013A8009F16CF /* AppDelegate.h */,
				B07E7DFA1B2013A8009F16CF /* AppDelegate.m */,
				B0A6A4F01B33FEAA00F1138D /* SWRevealViewController.h */,
				B0A6A4F11B33FEAA00F1138D /* SWRevealViewController.m */,
				B07E7DFF1B2013A8009F16CF /* ViewController.h */,
				B07E7E001B2013A8009F16CF /* ViewController.m */,
				B00081341B295ACD007EC5DE /* HNPostsTableViewController.h */,
				B00081351B295ACD007EC5DE /* HNPostsTableViewController.m */,
				B00081371B2EA200007EC5DE /* HNPostCotentViewController.h */,
				B00081381B2EA200007EC5DE /* HNPostCotentViewController.m */,
				B0A3CE9E1B22C96F0040CF0C /* LogInViewController.h */,
				B0A3CE9F1B22C96F0040CF0C /* LogInViewController.m */,
				B0D327F91B22EF2900E23B97 /* SignUpFormViewController.h */,
				B0D327FA1B22EF2900E23B97 /* SignUpFormViewController.m */,
				B0D327FC1B22FC5600E23B97 /* SignInFormViewController.h */,
				B0D327FD1B22FC5600E23B97 /* SignInFormViewController.m */,
				B07E7E021B2013A8009F16CF /* Main.storyboard */,
				B0A6A4F31B3405EC00F1138D /* SidebarTableViewController.h */,
				B0A6A4F41B3405EC00F1138D /* SidebarTableViewController.m */,
				B0E071F61B2428C000A9EAB4 /* Utils.h */,
				B0E071F71B2428C000A9EAB4 /* Utils.m */,
				B0E071F91B242E7000A9EAB4 /* constants.h */,
				B0E071FA1B242E7000A9EAB4 /* constants.m */,
				B07E7E051B2013A8009F16CF /* Images.xcassets */,
				B07E7E071B2013A8009F16CF /* LaunchScreen.xib */,
				B07E7DFC1B2013A8009F16CF /* iHackerNews.xcdatamodeld */,
				B07E7DF51B2013A8009F16CF /* Supporting Files */,
			);
			path = iHackerNews;
			sourceTree = "<group>";
		};
		B07E7DF51B2013A8009F16CF /* Supporting Files */ = {
			isa = PBXGroup;
			children = (
				B07E7DF61B2013A8009F16CF /* Info.plist */,
				B07E7DF71B2013A8009F16CF /* main.m */,
			);
			name = "Supporting Files";
			sourceTree = "<group>";
		};
		B07E7E111B2013A8009F16CF /* iHackerNewsTests */ = {
			isa = PBXGroup;
			children = (
				B07E7E141B2013A8009F16CF /* iHackerNewsTests.m */,
				B07E7E121B2013A8009F16CF /* Supporting Files */,
			);
			path = iHackerNewsTests;
			sourceTree = "<group>";
		};
		B07E7E121B2013A8009F16CF /* Supporting Files */ = {
			isa = PBXGroup;
			children = (
				B07E7E131B2013A8009F16CF /* Info.plist */,
			);
			name = "Supporting Files";
			sourceTree = "<group>";
		};
/* End PBXGroup section */

/* Begin PBXNativeTarget section */
		B07E7DF11B2013A8009F16CF /* iHackerNews */ = {
			isa = PBXNativeTarget;
			buildConfigurationList = B07E7E181B2013A8009F16CF /* Build configuration list for PBXNativeTarget "iHackerNews" */;
			buildPhases = (
				B6F1FEBA02AC58B0705AA806 /* Check Pods Manifest.lock */,
				B07E7DEE1B2013A8009F16CF /* Sources */,
				B07E7DEF1B2013A8009F16CF /* Frameworks */,
				B07E7DF01B2013A8009F16CF /* Resources */,
				A57624C4AD3BB814C8850277 /* Copy Pods Resources */,
			);
			buildRules = (
			);
			dependencies = (
			);
			name = iHackerNews;
			productName = iHackerNews;
			productReference = B07E7DF21B2013A8009F16CF /* iHackerNews.app */;
			productType = "com.apple.product-type.application";
		};
		B07E7E0D1B2013A8009F16CF /* iHackerNewsTests */ = {
			isa = PBXNativeTarget;
			buildConfigurationList = B07E7E1B1B2013A8009F16CF /* Build configuration list for PBXNativeTarget "iHackerNewsTests" */;
			buildPhases = (
				B07E7E0A1B2013A8009F16CF /* Sources */,
				B07E7E0B1B2013A8009F16CF /* Frameworks */,
				B07E7E0C1B2013A8009F16CF /* Resources */,
			);
			buildRules = (
			);
			dependencies = (
				B07E7E101B2013A8009F16CF /* PBXTargetDependency */,
			);
			name = iHackerNewsTests;
			productName = iHackerNewsTests;
			productReference = B07E7E0E1B2013A8009F16CF /* iHackerNewsTests.xctest */;
			productType = "com.apple.product-type.bundle.unit-test";
		};
/* End PBXNativeTarget section */

/* Begin PBXProject section */
		B07E7DEA1B2013A8009F16CF /* Project object */ = {
			isa = PBXProject;
			attributes = {
				LastUpgradeCheck = 0630;
				ORGANIZATIONNAME = junyuwang;
				TargetAttributes = {
					B07E7DF11B2013A8009F16CF = {
						CreatedOnToolsVersion = 6.3.2;
					};
					B07E7E0D1B2013A8009F16CF = {
						CreatedOnToolsVersion = 6.3.2;
						TestTargetID = B07E7DF11B2013A8009F16CF;
					};
				};
			};
			buildConfigurationList = B07E7DED1B2013A8009F16CF /* Build configuration list for PBXProject "iHackerNews" */;
			compatibilityVersion = "Xcode 3.2";
			developmentRegion = English;
			hasScannedForEncodings = 0;
			knownRegions = (
				en,
				Base,
			);
			mainGroup = B07E7DE91B2013A8009F16CF;
			productRefGroup = B07E7DF31B2013A8009F16CF /* Products */;
			projectDirPath = "";
			projectRoot = "";
			targets = (
				B07E7DF11B2013A8009F16CF /* iHackerNews */,
				B07E7E0D1B2013A8009F16CF /* iHackerNewsTests */,
			);
		};
/* End PBXProject section */

/* Begin PBXResourcesBuildPhase section */
		B07E7DF01B2013A8009F16CF /* Resources */ = {
			isa = PBXResourcesBuildPhase;
			buildActionMask = 2147483647;
			files = (
				B07E7E041B2013A8009F16CF /* Main.storyboard in Resources */,
				B07E7E091B2013A8009F16CF /* LaunchScreen.xib in Resources */,
				B07E7E061B2013A8009F16CF /* Images.xcassets in Resources */,
			);
			runOnlyForDeploymentPostprocessing = 0;
		};
		B07E7E0C1B2013A8009F16CF /* Resources */ = {
			isa = PBXResourcesBuildPhase;
			buildActionMask = 2147483647;
			files = (
			);
			runOnlyForDeploymentPostprocessing = 0;
		};
/* End PBXResourcesBuildPhase section */

/* Begin PBXShellScriptBuildPhase section */
		A57624C4AD3BB814C8850277 /* Copy Pods Resources */ = {
			isa = PBXShellScriptBuildPhase;
			buildActionMask = 2147483647;
			files = (
			);
			inputPaths = (
			);
			name = "Copy Pods Resources";
			outputPaths = (
			);
			runOnlyForDeploymentPostprocessing = 0;
			shellPath = /bin/sh;
			shellScript = "\"${SRCROOT}/Pods/Target Support Files/Pods-iHackerNews/Pods-iHackerNews-resources.sh\"\n";
			showEnvVarsInLog = 0;
		};
		B6F1FEBA02AC58B0705AA806 /* Check Pods Manifest.lock */ = {
			isa = PBXShellScriptBuildPhase;
			buildActionMask = 2147483647;
			files = (
			);
			inputPaths = (
			);
			name = "Check Pods Manifest.lock";
			outputPaths = (
			);
			runOnlyForDeploymentPostprocessing = 0;
			shellPath = /bin/sh;
			shellScript = "diff \"${PODS_ROOT}/../Podfile.lock\" \"${PODS_ROOT}/Manifest.lock\" > /dev/null\nif [[ $? != 0 ]] ; then\n    cat << EOM\nerror: The sandbox is not in sync with the Podfile.lock. Run 'pod install' or update your CocoaPods installation.\nEOM\n    exit 1\nfi\n";
			showEnvVarsInLog = 0;
		};
/* End PBXShellScriptBuildPhase section */

/* Begin PBXSourcesBuildPhase section */
		B07E7DEE1B2013A8009F16CF /* Sources */ = {
			isa = PBXSourcesBuildPhase;
			buildActionMask = 2147483647;
			files = (
				B07E7DFE1B2013A8009F16CF /* iHackerNews.xcdatamodeld in Sources */,
				B07E7DFB1B2013A8009F16CF /* AppDelegate.m in Sources */,
				B0D327FB1B22EF2900E23B97 /* SignUpFormViewController.m in Sources */,
				B00081391B2EA200007EC5DE /* HNPostCotentViewController.m in Sources */,
				B00081361B295ACD007EC5DE /* HNPostsTableViewController.m in Sources */,
				B0E071F81B2428C000A9EAB4 /* Utils.m in Sources */,
				B0A3CEA01B22C96F0040CF0C /* LogInViewController.m in Sources */,
				B07E7E011B2013A8009F16CF /* ViewController.m in Sources */,
				B0E071FB1B242E7000A9EAB4 /* constants.m in Sources */,
				B0A6A4F51B3405EC00F1138D /* SidebarTableViewController.m in Sources */,
				B07E7DF81B2013A8009F16CF /* main.m in Sources */,
				B0D327FE1B22FC5600E23B97 /* SignInFormViewController.m in Sources */,
				B0A6A4F21B33FEAA00F1138D /* SWRevealViewController.m in Sources */,
			);
			runOnlyForDeploymentPostprocessing = 0;
		};
		B07E7E0A1B2013A8009F16CF /* Sources */ = {
			isa = PBXSourcesBuildPhase;
			buildActionMask = 2147483647;
			files = (
				B07E7E151B2013A8009F16CF /* iHackerNewsTests.m in Sources */,
			);
			runOnlyForDeploymentPostprocessing = 0;
		};
/* End PBXSourcesBuildPhase section */

/* Begin PBXTargetDependency section */
		B07E7E101B2013A8009F16CF /* PBXTargetDependency */ = {
			isa = PBXTargetDependency;
			target = B07E7DF11B2013A8009F16CF /* iHackerNews */;
			targetProxy = B07E7E0F1B2013A8009F16CF /* PBXContainerItemProxy */;
		};
/* End PBXTargetDependency section */

/* Begin PBXVariantGroup section */
		B07E7E021B2013A8009F16CF /* Main.storyboard */ = {
			isa = PBXVariantGroup;
			children = (
				B07E7E031B2013A8009F16CF /* Base */,
			);
			name = Main.storyboard;
			sourceTree = "<group>";
		};
		B07E7E071B2013A8009F16CF /* LaunchScreen.xib */ = {
			isa = PBXVariantGroup;
			children = (
				B07E7E081B2013A8009F16CF /* Base */,
			);
			name = LaunchScreen.xib;
			sourceTree = "<group>";
		};
/* End PBXVariantGroup section */

/* Begin XCBuildConfiguration section */
		B07E7E161B2013A8009F16CF /* Debug */ = {
			isa = XCBuildConfiguration;
			buildSettings = {
				ALWAYS_SEARCH_USER_PATHS = NO;
				CLANG_CXX_LANGUAGE_STANDARD = "gnu++0x";
				CLANG_CXX_LIBRARY = "libc++";
				CLANG_ENABLE_MODULES = YES;
				CLANG_ENABLE_OBJC_ARC = YES;
				CLANG_WARN_BOOL_CONVERSION = YES;
				CLANG_WARN_CONSTANT_CONVERSION = YES;
				CLANG_WARN_DIRECT_OBJC_ISA_USAGE = YES_ERROR;
				CLANG_WARN_EMPTY_BODY = YES;
				CLANG_WARN_ENUM_CONVERSION = YES;
				CLANG_WARN_INT_CONVERSION = YES;
				CLANG_WARN_OBJC_ROOT_CLASS = YES_ERROR;
				CLANG_WARN_UNREACHABLE_CODE = YES;
				CLANG_WARN__DUPLICATE_METHOD_MATCH = YES;
				"CODE_SIGN_IDENTITY[sdk=iphoneos*]" = "iPhone Developer";
				COPY_PHASE_STRIP = NO;
				DEBUG_INFORMATION_FORMAT = "dwarf-with-dsym";
				ENABLE_STRICT_OBJC_MSGSEND = YES;
				GCC_C_LANGUAGE_STANDARD = gnu99;
				GCC_DYNAMIC_NO_PIC = NO;
				GCC_NO_COMMON_BLOCKS = YES;
				GCC_OPTIMIZATION_LEVEL = 0;
				GCC_PREPROCESSOR_DEFINITIONS = (
					"DEBUG=1",
					"$(inherited)",
				);
				GCC_SYMBOLS_PRIVATE_EXTERN = NO;
				GCC_WARN_64_TO_32_BIT_CONVERSION = YES;
				GCC_WARN_ABOUT_RETURN_TYPE = YES_ERROR;
				GCC_WARN_UNDECLARED_SELECTOR = YES;
				GCC_WARN_UNINITIALIZED_AUTOS = YES_AGGRESSIVE;
				GCC_WARN_UNUSED_FUNCTION = YES;
				GCC_WARN_UNUSED_VARIABLE = YES;
				IPHONEOS_DEPLOYMENT_TARGET = 8.3;
				MTL_ENABLE_DEBUG_INFO = YES;
				ONLY_ACTIVE_ARCH = YES;
				SDKROOT = iphoneos;
			};
			name = Debug;
		};
		B07E7E171B2013A8009F16CF /* Release */ = {
			isa = XCBuildConfiguration;
			buildSettings = {
				ALWAYS_SEARCH_USER_PATHS = NO;
				CLANG_CXX_LANGUAGE_STANDARD = "gnu++0x";
				CLANG_CXX_LIBRARY = "libc++";
				CLANG_ENABLE_MODULES = YES;
				CLANG_ENABLE_OBJC_ARC = YES;
				CLANG_WARN_BOOL_CONVERSION = YES;
				CLANG_WARN_CONSTANT_CONVERSION = YES;
				CLANG_WARN_DIRECT_OBJC_ISA_USAGE = YES_ERROR;
				CLANG_WARN_EMPTY_BODY = YES;
				CLANG_WARN_ENUM_CONVERSION = YES;
				CLANG_WARN_INT_CONVERSION = YES;
				CLANG_WARN_OBJC_ROOT_CLASS = YES_ERROR;
				CLANG_WARN_UNREACHABLE_CODE = YES;
				CLANG_WARN__DUPLICATE_METHOD_MATCH = YES;
				"CODE_SIGN_IDENTITY[sdk=iphoneos*]" = "iPhone Developer";
				COPY_PHASE_STRIP = NO;
				DEBUG_INFORMATION_FORMAT = "dwarf-with-dsym";
				ENABLE_NS_ASSERTIONS = NO;
				ENABLE_STRICT_OBJC_MSGSEND = YES;
				GCC_C_LANGUAGE_STANDARD = gnu99;
				GCC_NO_COMMON_BLOCKS = YES;
				GCC_WARN_64_TO_32_BIT_CONVERSION = YES;
				GCC_WARN_ABOUT_RETURN_TYPE = YES_ERROR;
				GCC_WARN_UNDECLARED_SELECTOR = YES;
				GCC_WARN_UNINITIALIZED_AUTOS = YES_AGGRESSIVE;
				GCC_WARN_UNUSED_FUNCTION = YES;
				GCC_WARN_UNUSED_VARIABLE = YES;
				IPHONEOS_DEPLOYMENT_TARGET = 8.3;
				MTL_ENABLE_DEBUG_INFO = NO;
				SDKROOT = iphoneos;
				VALIDATE_PRODUCT = YES;
			};
			name = Release;
		};
		B07E7E191B2013A8009F16CF /* Debug */ = {
			isa = XCBuildConfiguration;
			baseConfigurationReference = F45E4BB9C19FDAE64E1BA3B9 /* Pods-iHackerNews.debug.xcconfig */;
			buildSettings = {
				ASSETCATALOG_COMPILER_APPICON_NAME = AppIcon;
				INFOPLIST_FILE = iHackerNews/Info.plist;
				LD_RUNPATH_SEARCH_PATHS = "$(inherited) @executable_path/Frameworks";
				PRODUCT_NAME = "$(TARGET_NAME)";
			};
			name = Debug;
		};
		B07E7E1A1B2013A8009F16CF /* Release */ = {
			isa = XCBuildConfiguration;
			baseConfigurationReference = 16400E77210792B2F266A7F9 /* Pods-iHackerNews.release.xcconfig */;
			buildSettings = {
				ASSETCATALOG_COMPILER_APPICON_NAME = AppIcon;
				INFOPLIST_FILE = iHackerNews/Info.plist;
				LD_RUNPATH_SEARCH_PATHS = "$(inherited) @executable_path/Frameworks";
				PRODUCT_NAME = "$(TARGET_NAME)";
			};
			name = Release;
		};
		B07E7E1C1B2013A8009F16CF /* Debug */ = {
			isa = XCBuildConfiguration;
			buildSettings = {
				BUNDLE_LOADER = "$(TEST_HOST)";
				FRAMEWORK_SEARCH_PATHS = (
					"$(SDKROOT)/Developer/Library/Frameworks",
					"$(inherited)",
				);
				GCC_PREPROCESSOR_DEFINITIONS = (
					"DEBUG=1",
					"$(inherited)",
				);
				INFOPLIST_FILE = iHackerNewsTests/Info.plist;
				LD_RUNPATH_SEARCH_PATHS = "$(inherited) @executable_path/Frameworks @loader_path/Frameworks";
				PRODUCT_NAME = "$(TARGET_NAME)";
				TEST_HOST = "$(BUILT_PRODUCTS_DIR)/iHackerNews.app/iHackerNews";
			};
			name = Debug;
		};
		B07E7E1D1B2013A8009F16CF /* Release */ = {
			isa = XCBuildConfiguration;
			buildSettings = {
				BUNDLE_LOADER = "$(TEST_HOST)";
				FRAMEWORK_SEARCH_PATHS = (
					"$(SDKROOT)/Developer/Library/Frameworks",
					"$(inherited)",
				);
				INFOPLIST_FILE = iHackerNewsTests/Info.plist;
				LD_RUNPATH_SEARCH_PATHS = "$(inherited) @executable_path/Frameworks @loader_path/Frameworks";
				PRODUCT_NAME = "$(TARGET_NAME)";
				TEST_HOST = "$(BUILT_PRODUCTS_DIR)/iHackerNews.app/iHackerNews";
			};
			name = Release;
		};
/* End XCBuildConfiguration section */

/* Begin XCConfigurationList section */
		B07E7DED1B2013A8009F16CF /* Build configuration list for PBXProject "iHackerNews" */ = {
			isa = XCConfigurationList;
			buildConfigurations = (
				B07E7E161B2013A8009F16CF /* Debug */,
				B07E7E171B2013A8009F16CF /* Release */,
			);
			defaultConfigurationIsVisible = 0;
			defaultConfigurationName = Release;
		};
		B07E7E181B2013A8009F16CF /* Build configuration list for PBXNativeTarget "iHackerNews" */ = {
			isa = XCConfigurationList;
			buildConfigurations = (
				B07E7E191B2013A8009F16CF /* Debug */,
				B07E7E1A1B2013A8009F16CF /* Release */,
			);
			defaultConfigurationIsVisible = 0;
			defaultConfigurationName = Release;
		};
		B07E7E1B1B2013A8009F16CF /* Build configuration list for PBXNativeTarget "iHackerNewsTests" */ = {
			isa = XCConfigurationList;
			buildConfigurations = (
				B07E7E1C1B2013A8009F16CF /* Debug */,
				B07E7E1D1B2013A8009F16CF /* Release */,
			);
			defaultConfigurationIsVisible = 0;
			defaultConfigurationName = Release;
		};
/* End XCConfigurationList section */

/* Begin XCVersionGroup section */
		B07E7DFC1B2013A8009F16CF /* iHackerNews.xcdatamodeld */ = {
			isa = XCVersionGroup;
			children = (
				B07E7DFD1B2013A8009F16CF /* iHackerNews.xcdatamodel */,
			);
			currentVersion = B07E7DFD1B2013A8009F16CF /* iHackerNews.xcdatamodel */;
			path = iHackerNews.xcdatamodeld;
			sourceTree = "<group>";
			versionGroupType = wrapper.xcdatamodel;
		};
/* End XCVersionGroup section */
	};
	rootObject = B07E7DEA1B2013A8009F16CF /* Project object */;
}
