// !$*UTF8*$!
{
	archiveVersion = 1;
	classes = {
	};
	objectVersion = 46;
	objects = {

/* Begin PBXBuildFile section */
		B07E7DF81B2013A8009F16CF /* main.m in Sources */ = {isa = PBXBuildFile; fileRef = B07E7DF71B2013A8009F16CF /* main.m */; };
		B07E7DFB1B2013A8009F16CF /* AppDelegate.m in Sources */ = {isa = PBXBuildFile; fileRef = B07E7DFA1B2013A8009F16CF /* AppDelegate.m */; };
		B07E7DFE1B2013A8009F16CF /* iHackerNews.xcdatamodeld in Sources */ = {isa = PBXBuildFile; fileRef = B07E7DFC1B2013A8009F16CF /* iHackerNews.xcdatamodeld */; };
		B07E7E011B2013A8009F16CF /* ViewController.m in Sources */ = {isa = PBXBuildFile; fileRef = B07E7E001B2013A8009F16CF /* ViewController.m */; };
		B07E7E041B2013A8009F16CF /* Main.storyboard in Resources */ = {isa = PBXBuildFile; fileRef = B07E7E021B2013A8009F16CF /* Main.storyboard */; };
		B07E7E061B2013A8009F16CF /* Images.xcassets in Resources */ = {isa = PBXBuildFile; fileRef = B07E7E051B2013A8009F16CF /* Images.xcassets */; };
		B07E7E091B2013A8009F16CF /* LaunchScreen.xib in Resources */ = {isa = PBXBuildFile; fileRef = B07E7E071B2013A8009F16CF /* LaunchScreen.xib */; };
		B07E7E151B2013A8009F16CF /* iHackerNewsTests.m in Sources */ = {isa = PBXBuildFile; fileRef = B07E7E141B2013A8009F16CF /* iHackerNewsTests.m */; };
/* End PBXBuildFile section */

/* Begin PBXContainerItemProxy section */
		B07E7E0F1B2013A8009F16CF /* PBXContainerItemProxy */ = {
			isa = PBXContainerItemProxy;
			containerPortal = B07E7DEA1B2013A8009F16CF /* Project object */;
			proxyType = 1;
			remoteGlobalIDString = B07E7DF11B2013A8009F16CF;
			remoteInfo = iHackerNews;
		};
/* End PBXContainerItemProxy section */

/* Begin PBXFileReference section */
		B07E7DF21B2013A8009F16CF /* iHackerNews.app */ = {isa = PBXFileReference; explicitFileType = wrapper.application; includeInIndex = 0; path = iHackerNews.app; sourceTree = BUILT_PRODUCTS_DIR; };
		B07E7DF61B2013A8009F16CF /* Info.plist */ = {isa = PBXFileReference; lastKnownFileType = text.plist.xml; path = Info.plist; sourceTree = "<group>"; };
		B07E7DF71B2013A8009F16CF /* main.m */ = {isa = PBXFileReference; lastKnownFileType = sourcecode.c.objc; path = main.m; sourceTree = "<group>"; };
		B07E7DF91B2013A8009F16CF /* AppDelegate.h */ = {isa = PBXFileReference; lastKnownFileType = sourcecode.c.h; path = AppDelegate.h; sourceTree = "<group>"; };
		B07E7DFA1B2013A8009F16CF /* AppDelegate.m */ = {isa = PBXFileReference; lastKnownFileType = sourcecode.c.objc; path = AppDelegate.m; sourceTree = "<group>"; };
		B07E7DFD1B2013A8009F16CF /* iHackerNews.xcdatamodel */ = {isa = PBXFileReference; lastKnownFileType = wrapper.xcdatamodel; path = iHackerNews.xcdatamodel; sourceTree = "<group>"; };
		B07E7DFF1B2013A8009F16CF /* ViewController.h */ = {isa = PBXFileReference; lastKnownFileType = sourcecode.c.h; path = ViewController.h; sourceTree = "<group>"; };
		B07E7E001B2013A8009F16CF /* ViewController.m */ = {isa = PBXFileReference; lastKnownFileType = sourcecode.c.objc; path = ViewController.m; sourceTree = "<group>"; };
		B07E7E031B2013A8009F16CF /* Base */ = {isa = PBXFileReference; lastKnownFileType = file.storyboard; name = Base; path = Base.lproj/Main.storyboard; sourceTree = "<group>"; };
		B07E7E051B2013A8009F16CF /* Images.xcassets */ = {isa = PBXFileReference; lastKnownFileType = folder.assetcatalog; path = Images.xcassets; sourceTree = "<group>"; };
		B07E7E081B2013A8009F16CF /* Base */ = {isa = PBXFileReference; lastKnownFileType = file.xib; name = Base; path = Base.lproj/LaunchScreen.xib; sourceTree = "<group>"; };
		B07E7E0E1B2013A8009F16CF /* iHackerNewsTests.xctest */ = {isa = PBXFileReference; explicitFileType = wrapper.cfbundle; includeInIndex = 0; path = iHackerNewsTests.xctest; sourceTree = BUILT_PRODUCTS_DIR; };
		B07E7E131B2013A8009F16CF /* Info.plist */ = {isa = PBXFileReference; lastKnownFileType = text.plist.xml; path = Info.plist; sourceTree = "<group>"; };
		B07E7E141B2013A8009F16CF /* iHackerNewsTests.m */ = {isa = PBXFileReference; lastKnownFileType = sourcecode.c.objc; path = iHackerNewsTests.m; sourceTree = "<group>"; };
/* End PBXFileReference section */

/* Begin PBXFrameworksBuildPhase section */
		B07E7DEF1B2013A8009F16CF /* Frameworks */ = {
			isa = PBXFrameworksBuildPhase;
			buildActionMask = 2147483647;
			files = (
			);
			runOnlyForDeploymentPostprocessing = 0;
		};
		B07E7E0B1B2013A8009F16CF /* Frameworks */ = {
			isa = PBXFrameworksBuildPhase;
			buildActionMask = 2147483647;
			files = (
			);
			runOnlyForDeploymentPostprocessing = 0;
		};
/* End PBXFrameworksBuildPhase section */

/* Begin PBXGroup section */
		B07E7DE91B2013A8009F16CF = {
			isa = PBXGroup;
			children = (
				B07E7DF41B2013A8009F16CF /* iHackerNews */,
				B07E7E111B2013A8009F16CF /* iHackerNewsTests */,
				B07E7DF31B2013A8009F16CF /* Products */,
			);
			sourceTree = "<group>";
		};
		B07E7DF31B2013A8009F16CF /* Products */ = {
			isa = PBXGroup;
			children = (
				B07E7DF21B2013A8009F16CF /* iHackerNews.app */,
				B07E7E0E1B2013A8009F16CF /* iHackerNewsTests.xctest */,
			);
			name = Products;
			sourceTree = "<group>";
		};
		B07E7DF41B2013A8009F16CF /* iHackerNews */ = {
			isa = PBXGroup;
			children = (
				B07E7DF91B2013A8009F16CF /* AppDelegate.h */,
				B07E7DFA1B2013A8009F16CF /* AppDelegate.m */,
				B07E7DFF1B2013A8009F16CF /* ViewController.h */,
				B07E7E001B2013A8009F16CF /* ViewController.m */,
				B07E7E021B2013A8009F16CF /* Main.storyboard */,
				B07E7E051B2013A8009F16CF /* Images.xcassets */,
				B07E7E071B2013A8009F16CF /* LaunchScreen.xib */,
				B07E7DFC1B2013A8009F16CF /* iHackerNews.xcdatamodeld */,
				B07E7DF51B2013A8009F16CF /* Supporting Files */,
			);
			path = iHackerNews;
			sourceTree = "<group>";
		};
		B07E7DF51B2013A8009F16CF /* Supporting Files */ = {
			isa = PBXGroup;
			children = (
				B07E7DF61B2013A8009F16CF /* Info.plist */,
				B07E7DF71B2013A8009F16CF /* main.m */,
			);
			name = "Supporting Files";
			sourceTree = "<group>";
		};
		B07E7E111B2013A8009F16CF /* iHackerNewsTests */ = {
			isa = PBXGroup;
			children = (
				B07E7E141B2013A8009F16CF /* iHackerNewsTests.m */,
				B07E7E121B2013A8009F16CF /* Supporting Files */,
			);
			path = iHackerNewsTests;
			sourceTree = "<group>";
		};
		B07E7E121B2013A8009F16CF /* Supporting Files */ = {
			isa = PBXGroup;
			children = (
				B07E7E131B2013A8009F16CF /* Info.plist */,
			);
			name = "Supporting Files";
			sourceTree = "<group>";
		};
/* End PBXGroup section */

/* Begin PBXNativeTarget section */
		B07E7DF11B2013A8009F16CF /* iHackerNews */ = {
			isa = PBXNativeTarget;
			buildConfigurationList = B07E7E181B2013A8009F16CF /* Build configuration list for PBXNativeTarget "iHackerNews" */;
			buildPhases = (
				B07E7DEE1B2013A8009F16CF /* Sources */,
				B07E7DEF1B2013A8009F16CF /* Frameworks */,
				B07E7DF01B2013A8009F16CF /* Resources */,
			);
			buildRules = (
			);
			dependencies = (
			);
			name = iHackerNews;
			productName = iHackerNews;
			productReference = B07E7DF21B2013A8009F16CF /* iHackerNews.app */;
			productType = "com.apple.product-type.application";
		};
		B07E7E0D1B2013A8009F16CF /* iHackerNewsTests */ = {
			isa = PBXNativeTarget;
			buildConfigurationList = B07E7E1B1B2013A8009F16CF /* Build configuration list for PBXNativeTarget "iHackerNewsTests" */;
			buildPhases = (
				B07E7E0A1B2013A8009F16CF /* Sources */,
				B07E7E0B1B2013A8009F16CF /* Frameworks */,
				B07E7E0C1B2013A8009F16CF /* Resources */,
			);
			buildRules = (
			);
			dependencies = (
				B07E7E101B2013A8009F16CF /* PBXTargetDependency */,
			);
			name = iHackerNewsTests;
			productName = iHackerNewsTests;
			productReference = B07E7E0E1B2013A8009F16CF /* iHackerNewsTests.xctest */;
			productType = "com.apple.product-type.bundle.unit-test";
		};
/* End PBXNativeTarget section */

/* Begin PBXProject section */
		B07E7DEA1B2013A8009F16CF /* Project object */ = {
			isa = PBXProject;
			attributes = {
				LastUpgradeCheck = 0630;
				ORGANIZATIONNAME = junyuwang;
				TargetAttributes = {
					B07E7DF11B2013A8009F16CF = {
						CreatedOnToolsVersion = 6.3.2;
					};
					B07E7E0D1B2013A8009F16CF = {
						CreatedOnToolsVersion = 6.3.2;
						TestTargetID = B07E7DF11B2013A8009F16CF;
					};
				};
			};
			buildConfigurationList = B07E7DED1B2013A8009F16CF /* Build configuration list for PBXProject "iHackerNews" */;
			compatibilityVersion = "Xcode 3.2";
			developmentRegion = English;
			hasScannedForEncodings = 0;
			knownRegions = (
				en,
				Base,
			);
			mainGroup = B07E7DE91B2013A8009F16CF;
			productRefGroup = B07E7DF31B2013A8009F16CF /* Products */;
			projectDirPath = "";
			projectRoot = "";
			targets = (
				B07E7DF11B2013A8009F16CF /* iHackerNews */,
				B07E7E0D1B2013A8009F16CF /* iHackerNewsTests */,
			);
		};
/* End PBXProject section */

/* Begin PBXResourcesBuildPhase section */
		B07E7DF01B2013A8009F16CF /* Resources */ = {
			isa = PBXResourcesBuildPhase;
			buildActionMask = 2147483647;
			files = (
				B07E7E041B2013A8009F16CF /* Main.storyboard in Resources */,
				B07E7E091B2013A8009F16CF /* LaunchScreen.xib in Resources */,
				B07E7E061B2013A8009F16CF /* Images.xcassets in Resources */,
			);
			runOnlyForDeploymentPostprocessing = 0;
		};
		B07E7E0C1B2013A8009F16CF /* Resources */ = {
			isa = PBXResourcesBuildPhase;
			buildActionMask = 2147483647;
			files = (
			);
			runOnlyForDeploymentPostprocessing = 0;
		};
/* End PBXResourcesBuildPhase section */

/* Begin PBXSourcesBuildPhase section */
		B07E7DEE1B2013A8009F16CF /* Sources */ = {
			isa = PBXSourcesBuildPhase;
			buildActionMask = 2147483647;
			files = (
				B07E7DFE1B2013A8009F16CF /* iHackerNews.xcdatamodeld in Sources */,
				B07E7DFB1B2013A8009F16CF /* AppDelegate.m in Sources */,
				B07E7E011B2013A8009F16CF /* ViewController.m in Sources */,
				B07E7DF81B2013A8009F16CF /* main.m in Sources */,
			);
			runOnlyForDeploymentPostprocessing = 0;
		};
		B07E7E0A1B2013A8009F16CF /* Sources */ = {
			isa = PBXSourcesBuildPhase;
			buildActionMask = 2147483647;
			files = (
				B07E7E151B2013A8009F16CF /* iHackerNewsTests.m in Sources */,
			);
			runOnlyForDeploymentPostprocessing = 0;
		};
/* End PBXSourcesBuildPhase section */

/* Begin PBXTargetDependency section */
		B07E7E101B2013A8009F16CF /* PBXTargetDependency */ = {
			isa = PBXTargetDependency;
			target = B07E7DF11B2013A8009F16CF /* iHackerNews */;
			targetProxy = B07E7E0F1B2013A8009F16CF /* PBXContainerItemProxy */;
		};
/* End PBXTargetDependency section */

/* Begin PBXVariantGroup section */
		B07E7E021B2013A8009F16CF /* Main.storyboard */ = {
			isa = PBXVariantGroup;
			children = (
				B07E7E031B2013A8009F16CF /* Base */,
			);
			name = Main.storyboard;
			sourceTree = "<group>";
		};
		B07E7E071B2013A8009F16CF /* LaunchScreen.xib */ = {
			isa = PBXVariantGroup;
			children = (
				B07E7E081B2013A8009F16CF /* Base */,
			);
			name = LaunchScreen.xib;
			sourceTree = "<group>";
		};
/* End PBXVariantGroup section */

/* Begin XCBuildConfiguration section */
		B07E7E161B2013A8009F16CF /* Debug */ = {
			isa = XCBuildConfiguration;
			buildSettings = {
				ALWAYS_SEARCH_USER_PATHS = NO;
				CLANG_CXX_LANGUAGE_STANDARD = "gnu++0x";
				CLANG_CXX_LIBRARY = "libc++";
				CLANG_ENABLE_MODULES = YES;
				CLANG_ENABLE_OBJC_ARC = YES;
				CLANG_WARN_BOOL_CONVERSION = YES;
				CLANG_WARN_CONSTANT_CONVERSION = YES;
				CLANG_WARN_DIRECT_OBJC_ISA_USAGE = YES_ERROR;
				CLANG_WARN_EMPTY_BODY = YES;
				CLANG_WARN_ENUM_CONVERSION = YES;
				CLANG_WARN_INT_CONVERSION = YES;
				CLANG_WARN_OBJC_ROOT_CLASS = YES_ERROR;
				CLANG_WARN_UNREACHABLE_CODE = YES;
				CLANG_WARN__DUPLICATE_METHOD_MATCH = YES;
				"CODE_SIGN_IDENTITY[sdk=iphoneos*]" = "iPhone Developer";
				COPY_PHASE_STRIP = NO;
				DEBUG_INFORMATION_FORMAT = "dwarf-with-dsym";
				ENABLE_STRICT_OBJC_MSGSEND = YES;
				GCC_C_LANGUAGE_STANDARD = gnu99;
				GCC_DYNAMIC_NO_PIC = NO;
				GCC_NO_COMMON_BLOCKS = YES;
				GCC_OPTIMIZATION_LEVEL = 0;
				GCC_PREPROCESSOR_DEFINITIONS = (
					"DEBUG=1",
					"$(inherited)",
				);
				GCC_SYMBOLS_PRIVATE_EXTERN = NO;
				GCC_WARN_64_TO_32_BIT_CONVERSION = YES;
				GCC_WARN_ABOUT_RETURN_TYPE = YES_ERROR;
				GCC_WARN_UNDECLARED_SELECTOR = YES;
				GCC_WARN_UNINITIALIZED_AUTOS = YES_AGGRESSIVE;
				GCC_WARN_UNUSED_FUNCTION = YES;
				GCC_WARN_UNUSED_VARIABLE = YES;
				IPHONEOS_DEPLOYMENT_TARGET = 8.3;
				MTL_ENABLE_DEBUG_INFO = YES;
				ONLY_ACTIVE_ARCH = YES;
				SDKROOT = iphoneos;
			};
			name = Debug;
		};
		B07E7E171B2013A8009F16CF /* Release */ = {
			isa = XCBuildConfiguration;
			buildSettings = {
				ALWAYS_SEARCH_USER_PATHS = NO;
				CLANG_CXX_LANGUAGE_STANDARD = "gnu++0x";
				CLANG_CXX_LIBRARY = "libc++";
				CLANG_ENABLE_MODULES = YES;
				CLANG_ENABLE_OBJC_ARC = YES;
				CLANG_WARN_BOOL_CONVERSION = YES;
				CLANG_WARN_CONSTANT_CONVERSION = YES;
				CLANG_WARN_DIRECT_OBJC_ISA_USAGE = YES_ERROR;
				CLANG_WARN_EMPTY_BODY = YES;
				CLANG_WARN_ENUM_CONVERSION = YES;
				CLANG_WARN_INT_CONVERSION = YES;
				CLANG_WARN_OBJC_ROOT_CLASS = YES_ERROR;
				CLANG_WARN_UNREACHABLE_CODE = YES;
				CLANG_WARN__DUPLICATE_METHOD_MATCH = YES;
				"CODE_SIGN_IDENTITY[sdk=iphoneos*]" = "iPhone Developer";
				COPY_PHASE_STRIP = NO;
				DEBUG_INFORMATION_FORMAT = "dwarf-with-dsym";
				ENABLE_NS_ASSERTIONS = NO;
				ENABLE_STRICT_OBJC_MSGSEND = YES;
				GCC_C_LANGUAGE_STANDARD = gnu99;
				GCC_NO_COMMON_BLOCKS = YES;
				GCC_WARN_64_TO_32_BIT_CONVERSION = YES;
				GCC_WARN_ABOUT_RETURN_TYPE = YES_ERROR;
				GCC_WARN_UNDECLARED_SELECTOR = YES;
				GCC_WARN_UNINITIALIZED_AUTOS = YES_AGGRESSIVE;
				GCC_WARN_UNUSED_FUNCTION = YES;
				GCC_WARN_UNUSED_VARIABLE = YES;
				IPHONEOS_DEPLOYMENT_TARGET = 8.3;
				MTL_ENABLE_DEBUG_INFO = NO;
				SDKROOT = iphoneos;
				VALIDATE_PRODUCT = YES;
			};
			name = Release;
		};
		B07E7E191B2013A8009F16CF /* Debug */ = {
			isa = XCBuildConfiguration;
			buildSettings = {
				ASSETCATALOG_COMPILER_APPICON_NAME = AppIcon;
				INFOPLIST_FILE = iHackerNews/Info.plist;
				LD_RUNPATH_SEARCH_PATHS = "$(inherited) @executable_path/Frameworks";
				PRODUCT_NAME = "$(TARGET_NAME)";
			};
			name = Debug;
		};
		B07E7E1A1B2013A8009F16CF /* Release */ = {
			isa = XCBuildConfiguration;
			buildSettings = {
				ASSETCATALOG_COMPILER_APPICON_NAME = AppIcon;
				INFOPLIST_FILE = iHackerNews/Info.plist;
				LD_RUNPATH_SEARCH_PATHS = "$(inherited) @executable_path/Frameworks";
				PRODUCT_NAME = "$(TARGET_NAME)";
			};
			name = Release;
		};
		B07E7E1C1B2013A8009F16CF /* Debug */ = {
			isa = XCBuildConfiguration;
			buildSettings = {
				BUNDLE_LOADER = "$(TEST_HOST)";
				FRAMEWORK_SEARCH_PATHS = (
					"$(SDKROOT)/Developer/Library/Frameworks",
					"$(inherited)",
				);
				GCC_PREPROCESSOR_DEFINITIONS = (
					"DEBUG=1",
					"$(inherited)",
				);
				INFOPLIST_FILE = iHackerNewsTests/Info.plist;
				LD_RUNPATH_SEARCH_PATHS = "$(inherited) @executable_path/Frameworks @loader_path/Frameworks";
				PRODUCT_NAME = "$(TARGET_NAME)";
				TEST_HOST = "$(BUILT_PRODUCTS_DIR)/iHackerNews.app/iHackerNews";
			};
			name = Debug;
		};
		B07E7E1D1B2013A8009F16CF /* Release */ = {
			isa = XCBuildConfiguration;
			buildSettings = {
				BUNDLE_LOADER = "$(TEST_HOST)";
				FRAMEWORK_SEARCH_PATHS = (
					"$(SDKROOT)/Developer/Library/Frameworks",
					"$(inherited)",
				);
				INFOPLIST_FILE = iHackerNewsTests/Info.plist;
				LD_RUNPATH_SEARCH_PATHS = "$(inherited) @executable_path/Frameworks @loader_path/Frameworks";
				PRODUCT_NAME = "$(TARGET_NAME)";
				TEST_HOST = "$(BUILT_PRODUCTS_DIR)/iHackerNews.app/iHackerNews";
			};
			name = Release;
		};
/* End XCBuildConfiguration section */

/* Begin XCConfigurationList section */
		B07E7DED1B2013A8009F16CF /* Build configuration list for PBXProject "iHackerNews" */ = {
			isa = XCConfigurationList;
			buildConfigurations = (
				B07E7E161B2013A8009F16CF /* Debug */,
				B07E7E171B2013A8009F16CF /* Release */,
			);
			defaultConfigurationIsVisible = 0;
			defaultConfigurationName = Release;
		};
		B07E7E181B2013A8009F16CF /* Build configuration list for PBXNativeTarget "iHackerNews" */ = {
			isa = XCConfigurationList;
			buildConfigurations = (
				B07E7E191B2013A8009F16CF /* Debug */,
				B07E7E1A1B2013A8009F16CF /* Release */,
			);
			defaultConfigurationIsVisible = 0;
		};
		B07E7E1B1B2013A8009F16CF /* Build configuration list for PBXNativeTarget "iHackerNewsTests" */ = {
			isa = XCConfigurationList;
			buildConfigurations = (
				B07E7E1C1B2013A8009F16CF /* Debug */,
				B07E7E1D1B2013A8009F16CF /* Release */,
			);
			defaultConfigurationIsVisible = 0;
		};
/* End XCConfigurationList section */

/* Begin XCVersionGroup section */
		B07E7DFC1B2013A8009F16CF /* iHackerNews.xcdatamodeld */ = {
			isa = XCVersionGroup;
			children = (
				B07E7DFD1B2013A8009F16CF /* iHackerNews.xcdatamodel */,
			);
			currentVersion = B07E7DFD1B2013A8009F16CF /* iHackerNews.xcdatamodel */;
			path = iHackerNews.xcdatamodeld;
			sourceTree = "<group>";
			versionGroupType = wrapper.xcdatamodel;
		};
/* End XCVersionGroup section */
	};
	rootObject = B07E7DEA1B2013A8009F16CF /* Project object */;
}
